
Microsoft Visual Studio Solution File, Format Version 12.00
# Visual Studio Version 17
VisualStudioVersion = 17.14.36109.1 d17.14
MinimumVisualStudioVersion = 10.0.40219.1
Project("{FAE04EC0-301F-11D3-BF4B-00C04F79EFBC}") = "LabWork10", "LabWork10\LabWork10.csproj", "{F8760179-F5A0-453D-A1C0-3FBD29FDF169}"
EndProject
Global
	GlobalSection(SolutionConfigurationPlatforms) = preSolution
		Debug|Any CPU = Debug|Any CPU
		Release|Any CPU = Release|Any CPU
	EndGlobalSection
	GlobalSection(ProjectConfigurationPlatforms) = postSolution
		{F8760179-F5A0-453D-A1C0-3FBD29FDF169}.Debug|Any CPU.ActiveCfg = Debug|Any CPU
		{F8760179-F5A0-453D-A1C0-3FBD29FDF169}.Debug|Any CPU.Build.0 = Debug|Any CPU
		{F8760179-F5A0-453D-A1C0-3FBD29FDF169}.Release|Any CPU.ActiveCfg = Release|Any CPU
		{F8760179-F5A0-453D-A1C0-3FBD29FDF169}.Release|Any CPU.Build.0 = Release|Any CPU
	EndGlobalSection
	GlobalSection(SolutionProperties) = preSolution
		HideSolutionNode = FALSE
	EndGlobalSection
	GlobalSection(ExtensibilityGlobals) = postSolution
		SolutionGuid = {14DDFCA2-B5B9-4242-A206-4BE8AE280247}
	EndGlobalSection
EndGlobal
