
Microsoft Visual Studio Solution File, Format Version 12.00
# Visual Studio Version 17
VisualStudioVersion = 17.14.36109.1 d17.14
MinimumVisualStudioVersion = 10.0.40219.1
Project("{FAE04EC0-301F-11D3-BF4B-00C04F79EFBC}") = "Applicant", "LabWork8\Applicant.csproj", "{8FABA582-95F8-4137-93B8-0D02C6C2E6DE}"
EndProject
Project("{2150E333-8FDC-42A3-9474-1A3956D46DE8}") = "Элементы решения", "Элементы решения", "{754FC069-D67B-A9D7-50A1-8D1CA196D8F1}"
	ProjectSection(SolutionItems) = preProject
		Equals.cs = Equals.cs
		ToString.cs = ToString.cs
	EndProjectSection
EndProject
Global
	GlobalSection(SolutionConfigurationPlatforms) = preSolution
		Debug|Any CPU = Debug|Any CPU
		Release|Any CPU = Release|Any CPU
	EndGlobalSection
	GlobalSection(ProjectConfigurationPlatforms) = postSolution
		{8FABA582-95F8-4137-93B8-0D02C6C2E6DE}.Debug|Any CPU.ActiveCfg = Debug|Any CPU
		{8FABA582-95F8-4137-93B8-0D02C6C2E6DE}.Debug|Any CPU.Build.0 = Debug|Any CPU
		{8FABA582-95F8-4137-93B8-0D02C6C2E6DE}.Release|Any CPU.ActiveCfg = Release|Any CPU
		{8FABA582-95F8-4137-93B8-0D02C6C2E6DE}.Release|Any CPU.Build.0 = Release|Any CPU
	EndGlobalSection
	GlobalSection(SolutionProperties) = preSolution
		HideSolutionNode = FALSE
	EndGlobalSection
	GlobalSection(ExtensibilityGlobals) = postSolution
		SolutionGuid = {5E320765-533A-4ABE-BF7F-63588F4FFFFA}
	EndGlobalSection
EndGlobal
